
Microsoft Visual Studio Solution File, Format Version 12.00
# Visual Studio Version 17
VisualStudioVersion = 17.0.31903.59
MinimumVisualStudioVersion = 10.0.40219.1
Project("{FAE04EC0-301F-11D3-BF4B-00C04F79EFBC}") = "Code", "src\Code.csproj", "{798ADCF8-F86F-465A-863D-F46D5D4FE570}"
EndProject
Project("{FAE04EC0-301F-11D3-BF4B-00C04F79EFBC}") = "Tests", "tests\Tests.csproj", "{2255B64C-5E53-4379-B3DF-B1113E5AADCD}"
EndProject
Global
	GlobalSection(SolutionConfigurationPlatforms) = preSolution
		Debug|Any CPU = Debug|Any CPU
		Release|Any CPU = Release|Any CPU
	EndGlobalSection
	GlobalSection(SolutionProperties) = preSolution
		HideSolutionNode = FALSE
	EndGlobalSection
	GlobalSection(ProjectConfigurationPlatforms) = postSolution
		{798ADCF8-F86F-465A-863D-F46D5D4FE570}.Debug|Any CPU.ActiveCfg = Debug|Any CPU
		{798ADCF8-F86F-465A-863D-F46D5D4FE570}.Debug|Any CPU.Build.0 = Debug|Any CPU
		{798ADCF8-F86F-465A-863D-F46D5D4FE570}.Release|Any CPU.ActiveCfg = Release|Any CPU
		{798ADCF8-F86F-465A-863D-F46D5D4FE570}.Release|Any CPU.Build.0 = Release|Any CPU
		{2255B64C-5E53-4379-B3DF-B1113E5AADCD}.Debug|Any CPU.ActiveCfg = Debug|Any CPU
		{2255B64C-5E53-4379-B3DF-B1113E5AADCD}.Debug|Any CPU.Build.0 = Debug|Any CPU
		{2255B64C-5E53-4379-B3DF-B1113E5AADCD}.Release|Any CPU.ActiveCfg = Release|Any CPU
		{2255B64C-5E53-4379-B3DF-B1113E5AADCD}.Release|Any CPU.Build.0 = Release|Any CPU
	EndGlobalSection
EndGlobal
